// !$*UTF8*$!
{
	archiveVersion = 1;
	classes = {
	};
	objectVersion = 46;
	objects = {

/* Begin PBXBuildFile section */
		EA07E6661CEDEDAD00E07398 /* AppDelegate.swift in Sources */ = {isa = PBXBuildFile; fileRef = EA07E6651CEDEDAD00E07398 /* AppDelegate.swift */; };
		EA07E6681CEDEDAD00E07398 /* CalculatorViewController.swift in Sources */ = {isa = PBXBuildFile; fileRef = EA07E6671CEDEDAD00E07398 /* CalculatorViewController.swift */; };
		EA07E66B1CEDEDAD00E07398 /* Main.storyboard in Resources */ = {isa = PBXBuildFile; fileRef = EA07E6691CEDEDAD00E07398 /* Main.storyboard */; };
		EA07E66D1CEDEDAD00E07398 /* Assets.xcassets in Resources */ = {isa = PBXBuildFile; fileRef = EA07E66C1CEDEDAD00E07398 /* Assets.xcassets */; };
		EA07E6701CEDEDAD00E07398 /* LaunchScreen.storyboard in Resources */ = {isa = PBXBuildFile; fileRef = EA07E66E1CEDEDAD00E07398 /* LaunchScreen.storyboard */; };
		EA07E6791CEE140900E07398 /* CalculatorBrain.swift in Sources */ = {isa = PBXBuildFile; fileRef = EA07E6781CEE140900E07398 /* CalculatorBrain.swift */; };
		EAC2840E1D0C6785006B2256 /* AxesDrawer.swift in Sources */ = {isa = PBXBuildFile; fileRef = EAC2840D1D0C6785006B2256 /* AxesDrawer.swift */; };
		EAC284101D0C679B006B2256 /* GraphView.swift in Sources */ = {isa = PBXBuildFile; fileRef = EAC2840F1D0C679B006B2256 /* GraphView.swift */; };
		EAC284121D0C696E006B2256 /* GraphViewController.swift in Sources */ = {isa = PBXBuildFile; fileRef = EAC284111D0C696E006B2256 /* GraphViewController.swift */; };
/* End PBXBuildFile section */

/* Begin PBXFileReference section */
		EA07E6621CEDEDAD00E07398 /* Calculator.app */ = {isa = PBXFileReference; explicitFileType = wrapper.application; includeInIndex = 0; path = Calculator.app; sourceTree = BUILT_PRODUCTS_DIR; };
		EA07E6651CEDEDAD00E07398 /* AppDelegate.swift */ = {isa = PBXFileReference; lastKnownFileType = sourcecode.swift; path = AppDelegate.swift; sourceTree = "<group>"; };
		EA07E6671CEDEDAD00E07398 /* CalculatorViewController.swift */ = {isa = PBXFileReference; lastKnownFileType = sourcecode.swift; path = CalculatorViewController.swift; sourceTree = "<group>"; };
		EA07E66A1CEDEDAD00E07398 /* Base */ = {isa = PBXFileReference; lastKnownFileType = file.storyboard; name = Base; path = Base.lproj/Main.storyboard; sourceTree = "<group>"; };
		EA07E66C1CEDEDAD00E07398 /* Assets.xcassets */ = {isa = PBXFileReference; lastKnownFileType = folder.assetcatalog; path = Assets.xcassets; sourceTree = "<group>"; };
		EA07E66F1CEDEDAD00E07398 /* Base */ = {isa = PBXFileReference; lastKnownFileType = file.storyboard; name = Base; path = Base.lproj/LaunchScreen.storyboard; sourceTree = "<group>"; };
		EA07E6711CEDEDAD00E07398 /* Info.plist */ = {isa = PBXFileReference; lastKnownFileType = text.plist.xml; path = Info.plist; sourceTree = "<group>"; };
		EA07E6781CEE140900E07398 /* CalculatorBrain.swift */ = {isa = PBXFileReference; fileEncoding = 4; lastKnownFileType = sourcecode.swift; path = CalculatorBrain.swift; sourceTree = "<group>"; };
		EAC2840D1D0C6785006B2256 /* AxesDrawer.swift */ = {isa = PBXFileReference; fileEncoding = 4; lastKnownFileType = sourcecode.swift; path = AxesDrawer.swift; sourceTree = "<group>"; };
		EAC2840F1D0C679B006B2256 /* GraphView.swift */ = {isa = PBXFileReference; fileEncoding = 4; lastKnownFileType = sourcecode.swift; path = GraphView.swift; sourceTree = "<group>"; };
		EAC284111D0C696E006B2256 /* GraphViewController.swift */ = {isa = PBXFileReference; fileEncoding = 4; lastKnownFileType = sourcecode.swift; path = GraphViewController.swift; sourceTree = "<group>"; };
/* End PBXFileReference section */

/* Begin PBXFrameworksBuildPhase section */
		EA07E65F1CEDEDAD00E07398 /* Frameworks */ = {
			isa = PBXFrameworksBuildPhase;
			buildActionMask = 2147483647;
			files = (
			);
			runOnlyForDeploymentPostprocessing = 0;
		};
/* End PBXFrameworksBuildPhase section */

/* Begin PBXGroup section */
		EA07E6591CEDEDAD00E07398 = {
			isa = PBXGroup;
			children = (
				EA07E6641CEDEDAD00E07398 /* Calculator */,
				EA07E6631CEDEDAD00E07398 /* Products */,
			);
			sourceTree = "<group>";
		};
		EA07E6631CEDEDAD00E07398 /* Products */ = {
			isa = PBXGroup;
			children = (
				EA07E6621CEDEDAD00E07398 /* Calculator.app */,
			);
			name = Products;
			sourceTree = "<group>";
		};
		EA07E6641CEDEDAD00E07398 /* Calculator */ = {
			isa = PBXGroup;
			children = (
				EA07E6671CEDEDAD00E07398 /* CalculatorViewController.swift */,
				EAC2840F1D0C679B006B2256 /* GraphView.swift */,
				EAC2840D1D0C6785006B2256 /* AxesDrawer.swift */,
				EA07E6691CEDEDAD00E07398 /* Main.storyboard */,
				EAC284111D0C696E006B2256 /* GraphViewController.swift */,
				EA07E6781CEE140900E07398 /* CalculatorBrain.swift */,
				EA07E6771CEDF0C200E07398 /* Supporting Files */,
			);
			path = Calculator;
			sourceTree = "<group>";
		};
		EA07E6771CEDF0C200E07398 /* Supporting Files */ = {
			isa = PBXGroup;
			children = (
				EA07E6651CEDEDAD00E07398 /* AppDelegate.swift */,
				EA07E66C1CEDEDAD00E07398 /* Assets.xcassets */,
				EA07E66E1CEDEDAD00E07398 /* LaunchScreen.storyboard */,
				EA07E6711CEDEDAD00E07398 /* Info.plist */,
			);
			name = "Supporting Files";
			sourceTree = "<group>";
		};
/* End PBXGroup section */

/* Begin PBXNativeTarget section */
		EA07E6611CEDEDAD00E07398 /* Calculator */ = {
			isa = PBXNativeTarget;
			buildConfigurationList = EA07E6741CEDEDAD00E07398 /* Build configuration list for PBXNativeTarget "Calculator" */;
			buildPhases = (
				EA07E65E1CEDEDAD00E07398 /* Sources */,
				EA07E65F1CEDEDAD00E07398 /* Frameworks */,
				EA07E6601CEDEDAD00E07398 /* Resources */,
			);
			buildRules = (
			);
			dependencies = (
			);
			name = Calculator;
			productName = Calculator;
			productReference = EA07E6621CEDEDAD00E07398 /* Calculator.app */;
			productType = "com.apple.product-type.application";
		};
/* End PBXNativeTarget section */

/* Begin PBXProject section */
		EA07E65A1CEDEDAD00E07398 /* Project object */ = {
			isa = PBXProject;
			attributes = {
				LastSwiftUpdateCheck = 0730;
				LastUpgradeCheck = 0730;
				ORGANIZATIONNAME = "Zachary Cox";
				TargetAttributes = {
					EA07E6611CEDEDAD00E07398 = {
						CreatedOnToolsVersion = 7.3.1;
						DevelopmentTeam = 73Y564ZQBA;
					};
				};
			};
			buildConfigurationList = EA07E65D1CEDEDAD00E07398 /* Build configuration list for PBXProject "Calculator" */;
			compatibilityVersion = "Xcode 3.2";
			developmentRegion = English;
			hasScannedForEncodings = 0;
			knownRegions = (
				en,
				Base,
			);
			mainGroup = EA07E6591CEDEDAD00E07398;
			productRefGroup = EA07E6631CEDEDAD00E07398 /* Products */;
			projectDirPath = "";
			projectRoot = "";
			targets = (
				EA07E6611CEDEDAD00E07398 /* Calculator */,
			);
		};
/* End PBXProject section */

/* Begin PBXResourcesBuildPhase section */
		EA07E6601CEDEDAD00E07398 /* Resources */ = {
			isa = PBXResourcesBuildPhase;
			buildActionMask = 2147483647;
			files = (
				EA07E6701CEDEDAD00E07398 /* LaunchScreen.storyboard in Resources */,
				EA07E66D1CEDEDAD00E07398 /* Assets.xcassets in Resources */,
				EA07E66B1CEDEDAD00E07398 /* Main.storyboard in Resources */,
			);
			runOnlyForDeploymentPostprocessing = 0;
		};
/* End PBXResourcesBuildPhase section */

/* Begin PBXSourcesBuildPhase section */
		EA07E65E1CEDEDAD00E07398 /* Sources */ = {
			isa = PBXSourcesBuildPhase;
			buildActionMask = 2147483647;
			files = (
				EAC284101D0C679B006B2256 /* GraphView.swift in Sources */,
				EA07E6791CEE140900E07398 /* CalculatorBrain.swift in Sources */,
				EAC2840E1D0C6785006B2256 /* AxesDrawer.swift in Sources */,
				EAC284121D0C696E006B2256 /* GraphViewController.swift in Sources */,
				EA07E6681CEDEDAD00E07398 /* CalculatorViewController.swift in Sources */,
				EA07E6661CEDEDAD00E07398 /* AppDelegate.swift in Sources */,
			);
			runOnlyForDeploymentPostprocessing = 0;
		};
/* End PBXSourcesBuildPhase section */

/* Begin PBXVariantGroup section */
		EA07E6691CEDEDAD00E07398 /* Main.storyboard */ = {
			isa = PBXVariantGroup;
			children = (
				EA07E66A1CEDEDAD00E07398 /* Base */,
			);
			name = Main.storyboard;
			sourceTree = "<group>";
		};
		EA07E66E1CEDEDAD00E07398 /* LaunchScreen.storyboard */ = {
			isa = PBXVariantGroup;
			children = (
				EA07E66F1CEDEDAD00E07398 /* Base */,
			);
			name = LaunchScreen.storyboard;
			sourceTree = "<group>";
		};
/* End PBXVariantGroup section */

/* Begin XCBuildConfiguration section */
		EA07E6721CEDEDAD00E07398 /* Debug */ = {
			isa = XCBuildConfiguration;
			buildSettings = {
				ALWAYS_SEARCH_USER_PATHS = NO;
				CLANG_ANALYZER_NONNULL = YES;
				CLANG_CXX_LANGUAGE_STANDARD = "gnu++0x";
				CLANG_CXX_LIBRARY = "libc++";
				CLANG_ENABLE_MODULES = YES;
				CLANG_ENABLE_OBJC_ARC = YES;
				CLANG_WARN_BOOL_CONVERSION = YES;
				CLANG_WARN_CONSTANT_CONVERSION = YES;
				CLANG_WARN_DIRECT_OBJC_ISA_USAGE = YES_ERROR;
				CLANG_WARN_EMPTY_BODY = YES;
				CLANG_WARN_ENUM_CONVERSION = YES;
				CLANG_WARN_INT_CONVERSION = YES;
				CLANG_WARN_OBJC_ROOT_CLASS = YES_ERROR;
				CLANG_WARN_UNREACHABLE_CODE = YES;
				CLANG_WARN__DUPLICATE_METHOD_MATCH = YES;
				"CODE_SIGN_IDENTITY[sdk=iphoneos*]" = "iPhone Developer";
				COPY_PHASE_STRIP = NO;
				DEBUG_INFORMATION_FORMAT = dwarf;
				ENABLE_STRICT_OBJC_MSGSEND = YES;
				ENABLE_TESTABILITY = YES;
				GCC_C_LANGUAGE_STANDARD = gnu99;
				GCC_DYNAMIC_NO_PIC = NO;
				GCC_NO_COMMON_BLOCKS = YES;
				GCC_OPTIMIZATION_LEVEL = 0;
				GCC_PREPROCESSOR_DEFINITIONS = (
					"DEBUG=1",
					"$(inherited)",
				);
				GCC_WARN_64_TO_32_BIT_CONVERSION = YES;
				GCC_WARN_ABOUT_RETURN_TYPE = YES_ERROR;
				GCC_WARN_UNDECLARED_SELECTOR = YES;
				GCC_WARN_UNINITIALIZED_AUTOS = YES_AGGRESSIVE;
				GCC_WARN_UNUSED_FUNCTION = YES;
				GCC_WARN_UNUSED_VARIABLE = YES;
				IPHONEOS_DEPLOYMENT_TARGET = 9.3;
				MTL_ENABLE_DEBUG_INFO = YES;
				ONLY_ACTIVE_ARCH = YES;
				SDKROOT = iphoneos;
				SWIFT_OPTIMIZATION_LEVEL = "-Onone";
				TARGETED_DEVICE_FAMILY = "1,2";
			};
			name = Debug;
		};
		EA07E6731CEDEDAD00E07398 /* Release */ = {
			isa = XCBuildConfiguration;
			buildSettings = {
				ALWAYS_SEARCH_USER_PATHS = NO;
				CLANG_ANALYZER_NONNULL = YES;
				CLANG_CXX_LANGUAGE_STANDARD = "gnu++0x";
				CLANG_CXX_LIBRARY = "libc++";
				CLANG_ENABLE_MODULES = YES;
				CLANG_ENABLE_OBJC_ARC = YES;
				CLANG_WARN_BOOL_CONVERSION = YES;
				CLANG_WARN_CONSTANT_CONVERSION = YES;
				CLANG_WARN_DIRECT_OBJC_ISA_USAGE = YES_ERROR;
				CLANG_WARN_EMPTY_BODY = YES;
				CLANG_WARN_ENUM_CONVERSION = YES;
				CLANG_WARN_INT_CONVERSION = YES;
				CLANG_WARN_OBJC_ROOT_CLASS = YES_ERROR;
				CLANG_WARN_UNREACHABLE_CODE = YES;
				CLANG_WARN__DUPLICATE_METHOD_MATCH = YES;
				"CODE_SIGN_IDENTITY[sdk=iphoneos*]" = "iPhone Developer";
				COPY_PHASE_STRIP = NO;
				DEBUG_INFORMATION_FORMAT = "dwarf-with-dsym";
				ENABLE_NS_ASSERTIONS = NO;
				ENABLE_STRICT_OBJC_MSGSEND = YES;
				GCC_C_LANGUAGE_STANDARD = gnu99;
				GCC_NO_COMMON_BLOCKS = YES;
				GCC_WARN_64_TO_32_BIT_CONVERSION = YES;
				GCC_WARN_ABOUT_RETURN_TYPE = YES_ERROR;
				GCC_WARN_UNDECLARED_SELECTOR = YES;
				GCC_WARN_UNINITIALIZED_AUTOS = YES_AGGRESSIVE;
				GCC_WARN_UNUSED_FUNCTION = YES;
				GCC_WARN_UNUSED_VARIABLE = YES;
				IPHONEOS_DEPLOYMENT_TARGET = 9.3;
				MTL_ENABLE_DEBUG_INFO = NO;
				SDKROOT = iphoneos;
				TARGETED_DEVICE_FAMILY = "1,2";
				VALIDATE_PRODUCT = YES;
			};
			name = Release;
		};
		EA07E6751CEDEDAD00E07398 /* Debug */ = {
			isa = XCBuildConfiguration;
			buildSettings = {
				ASSETCATALOG_COMPILER_APPICON_NAME = AppIcon;
				CODE_SIGN_IDENTITY = "iPhone Developer";
				INFOPLIST_FILE = Calculator/Info.plist;
				LD_RUNPATH_SEARCH_PATHS = "$(inherited) @executable_path/Frameworks";
				PRODUCT_BUNDLE_IDENTIFIER = com.zcox25.Calculator;
				PRODUCT_NAME = "$(TARGET_NAME)";
			};
			name = Debug;
		};
		EA07E6761CEDEDAD00E07398 /* Release */ = {
			isa = XCBuildConfiguration;
			buildSettings = {
				ASSETCATALOG_COMPILER_APPICON_NAME = AppIcon;
				CODE_SIGN_IDENTITY = "iPhone Developer";
				INFOPLIST_FILE = Calculator/Info.plist;
				LD_RUNPATH_SEARCH_PATHS = "$(inherited) @executable_path/Frameworks";
				PRODUCT_BUNDLE_IDENTIFIER = com.zcox25.Calculator;
				PRODUCT_NAME = "$(TARGET_NAME)";
			};
			name = Release;
		};
/* End XCBuildConfiguration section */

/* Begin XCConfigurationList section */
		EA07E65D1CEDEDAD00E07398 /* Build configuration list for PBXProject "Calculator" */ = {
			isa = XCConfigurationList;
			buildConfigurations = (
				EA07E6721CEDEDAD00E07398 /* Debug */,
				EA07E6731CEDEDAD00E07398 /* Release */,
			);
			defaultConfigurationIsVisible = 0;
			defaultConfigurationName = Release;
		};
		EA07E6741CEDEDAD00E07398 /* Build configuration list for PBXNativeTarget "Calculator" */ = {
			isa = XCConfigurationList;
			buildConfigurations = (
				EA07E6751CEDEDAD00E07398 /* Debug */,
				EA07E6761CEDEDAD00E07398 /* Release */,
			);
			defaultConfigurationIsVisible = 0;
			defaultConfigurationName = Release;
		};
/* End XCConfigurationList section */
	};
	rootObject = EA07E65A1CEDEDAD00E07398 /* Project object */;
}
